dependencies:
  espressif/esp_websocket_client:
    component_hash: dc00233af846f3a744ada283a300e0d586040aadc3ee67361645ecdce4523672
    dependencies:
    - name: idf
      require: private
      version: '>=5.0'
    source:
      registry_url: https://components.espressif.com/
      type: service
    version: 1.8.0
  espressif/mdns:
    component_hash: 3ba256ac95e07c274be53cbd73f06cb846c403b61e8fbdf1be57bdb79db7a63e
    dependencies:
    - name: idf
      require: private
      version: '>=5.0'
    source:
      registry_url: https://components.espressif.com/
      type: service
    version: 1.12.0
  idf:
    source:
      type: idf
    version: 5.5.5
  m5stack/m5gfx:
    component_hash: a0d59be99d469d0144bacf0ddf420cdd2a3328f6c392f074b590b56c20b84763
    dependencies: []
    source:
      registry_url: https://components.espressif.com
      type: service
    version: 0.2.28
  m5stack/m5unified:
    component_hash: 85ab29e360fde0623ce30c8b8323d9f2c00acfffade19b104d6b7741b592e9ef
    dependencies:
    - name: m5stack/m5gfx
      registry_url: https://components.espressif.com
      require: private
      version: '>=0.2.26'
    source:
      registry_url: https://components.espressif.com/
      type: service
    version: 0.2.19
direct_dependencies:
- espressif/esp_websocket_client
- espressif/mdns
- idf
- m5stack/m5unified
manifest_hash: 6c66013b7c28c46c8e0fd58da66d9505663b06b4748e5c17a4e75a5f7190f06a
target: esp32s3
version: 2.0.0
